
Microsoft Visual Studio Solution File, Format Version 12.00
# Visual Studio Version 17
VisualStudioVersion = 17.3.32825.248
MinimumVisualStudioVersion = 10.0.40219.1
Project("{FAE04EC0-301F-11D3-BF4B-00C04F79EFBC}") = "Application", "Application\Application.csproj", "{931E900B-4B12-48E1-9E99-D466821E8D5E}"
EndProject
Global
	GlobalSection(SolutionConfigurationPlatforms) = preSolution
		Debug|Any CPU = Debug|Any CPU
		Release|Any CPU = Release|Any CPU
	EndGlobalSection
	GlobalSection(ProjectConfigurationPlatforms) = postSolution
		{931E900B-4B12-48E1-9E99-D466821E8D5E}.Debug|Any CPU.ActiveCfg = Debug|Any CPU
		{931E900B-4B12-48E1-9E99-D466821E8D5E}.Debug|Any CPU.Build.0 = Debug|Any CPU
		{931E900B-4B12-48E1-9E99-D466821E8D5E}.Release|Any CPU.ActiveCfg = Release|Any CPU
		{931E900B-4B12-48E1-9E99-D466821E8D5E}.Release|Any CPU.Build.0 = Release|Any CPU
	EndGlobalSection
	GlobalSection(SolutionProperties) = preSolution
		HideSolutionNode = FALSE
	EndGlobalSection
	GlobalSection(ExtensibilityGlobals) = postSolution
		SolutionGuid = {A93EF991-EE41-44DD-AEDF-4BDEDFA5D145}
	EndGlobalSection
EndGlobal
